
Microsoft Visual Studio Solution File, Format Version 12.00
# Visual Studio 15
VisualStudioVersion = 15.0.26730.12
MinimumVisualStudioVersion = 10.0.40219.1
Project("{FAE04EC0-301F-11D3-BF4B-00C04F79EFBC}") = "PomodoroTimerWinUI", "PomodoroTimerUI\PomodoroTimerWinUI.csproj", "{DC305237-381B-4946-9A34-ACF946D31F2B}"
EndProject
Project("{FAE04EC0-301F-11D3-BF4B-00C04F79EFBC}") = "PomodoroTimerLogic", "PomodoroTimerLogic\PomodoroTimerLogic.csproj", "{6319941E-4D04-40B4-BBFF-48E0274A61EC}"
EndProject
Global
	GlobalSection(SolutionConfigurationPlatforms) = preSolution
		Debug|Any CPU = Debug|Any CPU
		Release|Any CPU = Release|Any CPU
	EndGlobalSection
	GlobalSection(ProjectConfigurationPlatforms) = postSolution
		{DC305237-381B-4946-9A34-ACF946D31F2B}.Debug|Any CPU.ActiveCfg = Debug|Any CPU
		{DC305237-381B-4946-9A34-ACF946D31F2B}.Debug|Any CPU.Build.0 = Debug|Any CPU
		{DC305237-381B-4946-9A34-ACF946D31F2B}.Release|Any CPU.ActiveCfg = Release|Any CPU
		{DC305237-381B-4946-9A34-ACF946D31F2B}.Release|Any CPU.Build.0 = Release|Any CPU
		{6319941E-4D04-40B4-BBFF-48E0274A61EC}.Debug|Any CPU.ActiveCfg = Debug|Any CPU
		{6319941E-4D04-40B4-BBFF-48E0274A61EC}.Debug|Any CPU.Build.0 = Debug|Any CPU
		{6319941E-4D04-40B4-BBFF-48E0274A61EC}.Release|Any CPU.ActiveCfg = Release|Any CPU
		{6319941E-4D04-40B4-BBFF-48E0274A61EC}.Release|Any CPU.Build.0 = Release|Any CPU
	EndGlobalSection
	GlobalSection(SolutionProperties) = preSolution
		HideSolutionNode = FALSE
	EndGlobalSection
	GlobalSection(ExtensibilityGlobals) = postSolution
		SolutionGuid = {8BFC576C-FDFF-458B-A147-F01F7B2EAF9E}
	EndGlobalSection
EndGlobal
